// !$*UTF8*$!
{
	archiveVersion = 1;
	classes = {
	};
	objectVersion = 77;
	objects = {

/* Begin PBXContainerItemProxy section */
		DEAD36012E0A716F004F572C /* PBXContainerItemProxy */ = {
			isa = PBXContainerItemProxy;
			containerPortal = DEAD35E22E0A716C004F572C /* Project object */;
			proxyType = 1;
			remoteGlobalIDString = DEAD35E92E0A716C004F572C;
			remoteInfo = taxTip;
		};
		DEAD360B2E0A716F004F572C /* PBXContainerItemProxy */ = {
			isa = PBXContainerItemProxy;
			containerPortal = DEAD35E22E0A716C004F572C /* Project object */;
			proxyType = 1;
			remoteGlobalIDString = DEAD35E92E0A716C004F572C;
			remoteInfo = taxTip;
		};
/* End PBXContainerItemProxy section */

/* Begin PBXFileReference section */
		DEAD35EA2E0A716C004F572C /* taxTip.app */ = {isa = PBXFileReference; explicitFileType = wrapper.application; includeInIndex = 0; path = taxTip.app; sourceTree = BUILT_PRODUCTS_DIR; };
		DEAD36002E0A716F004F572C /* taxTipTests.xctest */ = {isa = PBXFileReference; explicitFileType = wrapper.cfbundle; includeInIndex = 0; path = taxTipTests.xctest; sourceTree = BUILT_PRODUCTS_DIR; };
		DEAD360A2E0A716F004F572C /* taxTipUITests.xctest */ = {isa = PBXFileReference; explicitFileType = wrapper.cfbundle; includeInIndex = 0; path = taxTipUITests.xctest; sourceTree = BUILT_PRODUCTS_DIR; };
/* End PBXFileReference section */

/* Begin PBXFileSystemSynchronizedBuildFileExceptionSet section */
		DEAD36122E0A716F004F572C /* Exceptions for "taxTip" folder in "taxTip" target */ = {
			isa = PBXFileSystemSynchronizedBuildFileExceptionSet;
			membershipExceptions = (
				Info.plist,
			);
			target = DEAD35E92E0A716C004F572C /* taxTip */;
		};
/* End PBXFileSystemSynchronizedBuildFileExceptionSet section */

/* Begin PBXFileSystemSynchronizedRootGroup section */
		DEAD35EC2E0A716C004F572C /* taxTip */ = {
			isa = PBXFileSystemSynchronizedRootGroup;
			exceptions = (
				DEAD36122E0A716F004F572C /* Exceptions for "taxTip" folder in "taxTip" target */,
			);
			path = taxTip;
			sourceTree = "<group>";
		};
		DEAD36032E0A716F004F572C /* taxTipTests */ = {
			isa = PBXFileSystemSynchronizedRootGroup;
			path = taxTipTests;
			sourceTree = "<group>";
		};
		DEAD360D2E0A716F004F572C /* taxTipUITests */ = {
			isa = PBXFileSystemSynchronizedRootGroup;
			path = taxTipUITests;
			sourceTree = "<group>";
		};
/* End PBXFileSystemSynchronizedRootGroup section */

/* Begin PBXFrameworksBuildPhase section */
		DEAD35E72E0A716C004F572C /* Frameworks */ = {
			isa = PBXFrameworksBuildPhase;
			buildActionMask = 2147483647;
			files = (
			);
			runOnlyForDeploymentPostprocessing = 0;
		};
		DEAD35FD2E0A716E004F572C /* Frameworks */ = {
			isa = PBXFrameworksBuildPhase;
			buildActionMask = 2147483647;
			files = (
			);
			runOnlyForDeploymentPostprocessing = 0;
		};
		DEAD36072E0A716F004F572C /* Frameworks */ = {
			isa = PBXFrameworksBuildPhase;
			buildActionMask = 2147483647;
			files = (
			);
			runOnlyForDeploymentPostprocessing = 0;
		};
/* End PBXFrameworksBuildPhase section */

/* Begin PBXGroup section */
		DEAD35E12E0A716C004F572C = {
			isa = PBXGroup;
			children = (
				DEAD35EC2E0A716C004F572C /* taxTip */,
				DEAD36032E0A716F004F572C /* taxTipTests */,
				DEAD360D2E0A716F004F572C /* taxTipUITests */,
				DEAD35EB2E0A716C004F572C /* Products */,
			);
			sourceTree = "<group>";
		};
		DEAD35EB2E0A716C004F572C /* Products */ = {
			isa = PBXGroup;
			children = (
				DEAD35EA2E0A716C004F572C /* taxTip.app */,
				DEAD36002E0A716F004F572C /* taxTipTests.xctest */,
				DEAD360A2E0A716F004F572C /* taxTipUITests.xctest */,
			);
			name = Products;
			sourceTree = "<group>";
		};
/* End PBXGroup section */

/* Begin PBXNativeTarget section */
		DEAD35E92E0A716C004F572C /* taxTip */ = {
			isa = PBXNativeTarget;
			buildConfigurationList = DEAD36132E0A716F004F572C /* Build configuration list for PBXNativeTarget "taxTip" */;
			buildPhases = (
				DEAD35E62E0A716C004F572C /* Sources */,
				DEAD35E72E0A716C004F572C /* Frameworks */,
				DEAD35E82E0A716C004F572C /* Resources */,
			);
			buildRules = (
			);
			dependencies = (
			);
			fileSystemSynchronizedGroups = (
				DEAD35EC2E0A716C004F572C /* taxTip */,
			);
			name = taxTip;
			packageProductDependencies = (
			);
			productName = taxTip;
			productReference = DEAD35EA2E0A716C004F572C /* taxTip.app */;
			productType = "com.apple.product-type.application";
		};
		DEAD35FF2E0A716E004F572C /* taxTipTests */ = {
			isa = PBXNativeTarget;
			buildConfigurationList = DEAD36182E0A716F004F572C /* Build configuration list for PBXNativeTarget "taxTipTests" */;
			buildPhases = (
				DEAD35FC2E0A716E004F572C /* Sources */,
				DEAD35FD2E0A716E004F572C /* Frameworks */,
				DEAD35FE2E0A716E004F572C /* Resources */,
			);
			buildRules = (
			);
			dependencies = (
				DEAD36022E0A716F004F572C /* PBXTargetDependency */,
			);
			fileSystemSynchronizedGroups = (
				DEAD36032E0A716F004F572C /* taxTipTests */,
			);
			name = taxTipTests;
			packageProductDependencies = (
			);
			productName = taxTipTests;
			productReference = DEAD36002E0A716F004F572C /* taxTipTests.xctest */;
			productType = "com.apple.product-type.bundle.unit-test";
		};
		DEAD36092E0A716F004F572C /* taxTipUITests */ = {
			isa = PBXNativeTarget;
			buildConfigurationList = DEAD361B2E0A716F004F572C /* Build configuration list for PBXNativeTarget "taxTipUITests" */;
			buildPhases = (
				DEAD36062E0A716F004F572C /* Sources */,
				DEAD36072E0A716F004F572C /* Frameworks */,
				DEAD36082E0A716F004F572C /* Resources */,
			);
			buildRules = (
			);
			dependencies = (
				DEAD360C2E0A716F004F572C /* PBXTargetDependency */,
			);
			fileSystemSynchronizedGroups = (
				DEAD360D2E0A716F004F572C /* taxTipUITests */,
			);
			name = taxTipUITests;
			packageProductDependencies = (
			);
			productName = taxTipUITests;
			productReference = DEAD360A2E0A716F004F572C /* taxTipUITests.xctest */;
			productType = "com.apple.product-type.bundle.ui-testing";
		};
/* End PBXNativeTarget section */

/* Begin PBXProject section */
		DEAD35E22E0A716C004F572C /* Project object */ = {
			isa = PBXProject;
			attributes = {
				BuildIndependentTargetsInParallel = 1;
				LastSwiftUpdateCheck = 1630;
				LastUpgradeCheck = 1630;
				TargetAttributes = {
					DEAD35E92E0A716C004F572C = {
						CreatedOnToolsVersion = 16.3;
					};
					DEAD35FF2E0A716E004F572C = {
						CreatedOnToolsVersion = 16.3;
						TestTargetID = DEAD35E92E0A716C004F572C;
					};
					DEAD36092E0A716F004F572C = {
						CreatedOnToolsVersion = 16.3;
						TestTargetID = DEAD35E92E0A716C004F572C;
					};
				};
			};
			buildConfigurationList = DEAD35E52E0A716C004F572C /* Build configuration list for PBXProject "taxTip" */;
			developmentRegion = en;
			hasScannedForEncodings = 0;
			knownRegions = (
				en,
				Base,
			);
			mainGroup = DEAD35E12E0A716C004F572C;
			minimizedProjectReferenceProxies = 1;
			preferredProjectObjectVersion = 77;
			productRefGroup = DEAD35EB2E0A716C004F572C /* Products */;
			projectDirPath = "";
			projectRoot = "";
			targets = (
				DEAD35E92E0A716C004F572C /* taxTip */,
				DEAD35FF2E0A716E004F572C /* taxTipTests */,
				DEAD36092E0A716F004F572C /* taxTipUITests */,
			);
		};
/* End PBXProject section */

/* Begin PBXResourcesBuildPhase section */
		DEAD35E82E0A716C004F572C /* Resources */ = {
			isa = PBXResourcesBuildPhase;
			buildActionMask = 2147483647;
			files = (
			);
			runOnlyForDeploymentPostprocessing = 0;
		};
		DEAD35FE2E0A716E004F572C /* Resources */ = {
			isa = PBXResourcesBuildPhase;
			buildActionMask = 2147483647;
			files = (
			);
			runOnlyForDeploymentPostprocessing = 0;
		};
		DEAD36082E0A716F004F572C /* Resources */ = {
			isa = PBXResourcesBuildPhase;
			buildActionMask = 2147483647;
			files = (
			);
			runOnlyForDeploymentPostprocessing = 0;
		};
/* End PBXResourcesBuildPhase section */

/* Begin PBXSourcesBuildPhase section */
		DEAD35E62E0A716C004F572C /* Sources */ = {
			isa = PBXSourcesBuildPhase;
			buildActionMask = 2147483647;
			files = (
			);
			runOnlyForDeploymentPostprocessing = 0;
		};
		DEAD35FC2E0A716E004F572C /* Sources */ = {
			isa = PBXSourcesBuildPhase;
			buildActionMask = 2147483647;
			files = (
			);
			runOnlyForDeploymentPostprocessing = 0;
		};
		DEAD36062E0A716F004F572C /* Sources */ = {
			isa = PBXSourcesBuildPhase;
			buildActionMask = 2147483647;
			files = (
			);
			runOnlyForDeploymentPostprocessing = 0;
		};
/* End PBXSourcesBuildPhase section */

/* Begin PBXTargetDependency section */
		DEAD36022E0A716F004F572C /* PBXTargetDependency */ = {
			isa = PBXTargetDependency;
			target = DEAD35E92E0A716C004F572C /* taxTip */;
			targetProxy = DEAD36012E0A716F004F572C /* PBXContainerItemProxy */;
		};
		DEAD360C2E0A716F004F572C /* PBXTargetDependency */ = {
			isa = PBXTargetDependency;
			target = DEAD35E92E0A716C004F572C /* taxTip */;
			targetProxy = DEAD360B2E0A716F004F572C /* PBXContainerItemProxy */;
		};
/* End PBXTargetDependency section */

/* Begin XCBuildConfiguration section */
		DEAD36142E0A716F004F572C /* Debug */ = {
			isa = XCBuildConfiguration;
			buildSettings = {
				ASSETCATALOG_COMPILER_APPICON_NAME = AppIcon;
				ASSETCATALOG_COMPILER_GLOBAL_ACCENT_COLOR_NAME = AccentColor;
				CODE_SIGN_STYLE = Automatic;
				CURRENT_PROJECT_VERSION = 1;
				DEVELOPMENT_TEAM = HN946BBNM5;
				GENERATE_INFOPLIST_FILE = YES;
				INFOPLIST_FILE = taxTip/Info.plist;
				INFOPLIST_KEY_UIApplicationSupportsIndirectInputEvents = YES;
				INFOPLIST_KEY_UILaunchStoryboardName = LaunchScreen;
				INFOPLIST_KEY_UIMainStoryboardFile = Main;
				INFOPLIST_KEY_UISupportedInterfaceOrientations_iPad = "UIInterfaceOrientationPortrait UIInterfaceOrientationPortraitUpsideDown UIInterfaceOrientationLandscapeLeft UIInterfaceOrientationLandscapeRight";
				INFOPLIST_KEY_UISupportedInterfaceOrientations_iPhone = "UIInterfaceOrientationPortrait UIInterfaceOrientationLandscapeLeft UIInterfaceOrientationLandscapeRight";
				LD_RUNPATH_SEARCH_PATHS = (
					"$(inherited)",
					"@executable_path/Frameworks",
				);
				MARKETING_VERSION = 1.0;
				PRODUCT_BUNDLE_IDENTIFIER = kevinkairouz.taxTip;
				PRODUCT_NAME = "$(TARGET_NAME)";
				SWIFT_EMIT_LOC_STRINGS = YES;
				SWIFT_VERSION = 5.0;
				TARGETED_DEVICE_FAMILY = "1,2";
			};
			name = Debug;
		};
		DEAD36152E0A716F004F572C /* Release */ = {
			isa = XCBuildConfiguration;
			buildSettings = {
				ASSETCATALOG_COMPILER_APPICON_NAME = AppIcon;
				ASSETCATALOG_COMPILER_GLOBAL_ACCENT_COLOR_NAME = AccentColor;
				CODE_SIGN_STYLE = Automatic;
				CURRENT_PROJECT_VERSION = 1;
				DEVELOPMENT_TEAM = HN946BBNM5;
				GENERATE_INFOPLIST_FILE = YES;
				INFOPLIST_FILE = taxTip/Info.plist;
				INFOPLIST_KEY_UIApplicationSupportsIndirectInputEvents = YES;
				INFOPLIST_KEY_UILaunchStoryboardName = LaunchScreen;
				INFOPLIST_KEY_UIMainStoryboardFile = Main;
				INFOPLIST_KEY_UISupportedInterfaceOrientations_iPad = "UIInterfaceOrientationPortrait UIInterfaceOrientationPortraitUpsideDown UIInterfaceOrientationLandscapeLeft UIInterfaceOrientationLandscapeRight";
				INFOPLIST_KEY_UISupportedInterfaceOrientations_iPhone = "UIInterfaceOrientationPortrait UIInterfaceOrientationLandscapeLeft UIInterfaceOrientationLandscapeRight";
				LD_RUNPATH_SEARCH_PATHS = (
					"$(inherited)",
					"@executable_path/Frameworks",
				);
				MARKETING_VERSION = 1.0;
				PRODUCT_BUNDLE_IDENTIFIER = kevinkairouz.taxTip;
				PRODUCT_NAME = "$(TARGET_NAME)";
				SWIFT_EMIT_LOC_STRINGS = YES;
				SWIFT_VERSION = 5.0;
				TARGETED_DEVICE_FAMILY = "1,2";
			};
			name = Release;
		};
		DEAD36162E0A716F004F572C /* Debug */ = {
			isa = XCBuildConfiguration;
			buildSettings = {
				ALWAYS_SEARCH_USER_PATHS = NO;
				ASSETCATALOG_COMPILER_GENERATE_SWIFT_ASSET_SYMBOL_EXTENSIONS = YES;
				CLANG_ANALYZER_NONNULL = YES;
				CLANG_ANALYZER_NUMBER_OBJECT_CONVERSION = YES_AGGRESSIVE;
				CLANG_CXX_LANGUAGE_STANDARD = "gnu++20";
				CLANG_ENABLE_MODULES = YES;
				CLANG_ENABLE_OBJC_ARC = YES;
				CLANG_ENABLE_OBJC_WEAK = YES;
				CLANG_WARN_BLOCK_CAPTURE_AUTORELEASING = YES;
				CLANG_WARN_BOOL_CONVERSION = YES;
				CLANG_WARN_COMMA = YES;
				CLANG_WARN_CONSTANT_CONVERSION = YES;
				CLANG_WARN_DEPRECATED_OBJC_IMPLEMENTATIONS = YES;
				CLANG_WARN_DIRECT_OBJC_ISA_USAGE = YES_ERROR;
				CLANG_WARN_DOCUMENTATION_COMMENTS = YES;
				CLANG_WARN_EMPTY_BODY = YES;
				CLANG_WARN_ENUM_CONVERSION = YES;
				CLANG_WARN_INFINITE_RECURSION = YES;
				CLANG_WARN_INT_CONVERSION = YES;
				CLANG_WARN_NON_LITERAL_NULL_CONVERSION = YES;
				CLANG_WARN_OBJC_IMPLICIT_RETAIN_SELF = YES;
				CLANG_WARN_OBJC_LITERAL_CONVERSION = YES;
				CLANG_WARN_OBJC_ROOT_CLASS = YES_ERROR;
				CLANG_WARN_QUOTED_INCLUDE_IN_FRAMEWORK_HEADER = YES;
				CLANG_WARN_RANGE_LOOP_ANALYSIS = YES;
				CLANG_WARN_STRICT_PROTOTYPES = YES;
				CLANG_WARN_SUSPICIOUS_MOVE = YES;
				CLANG_WARN_UNGUARDED_AVAILABILITY = YES_AGGRESSIVE;
				CLANG_WARN_UNREACHABLE_CODE = YES;
				CLANG_WARN__DUPLICATE_METHOD_MATCH = YES;
				COPY_PHASE_STRIP = NO;
				DEBUG_INFORMATION_FORMAT = dwarf;
				DEVELOPMENT_TEAM = HN946BBNM5;
				ENABLE_STRICT_OBJC_MSGSEND = YES;
				ENABLE_TESTABILITY = YES;
				ENABLE_USER_SCRIPT_SANDBOXING = YES;
				GCC_C_LANGUAGE_STANDARD = gnu17;
				GCC_DYNAMIC_NO_PIC = NO;
				GCC_NO_COMMON_BLOCKS = YES;
				GCC_OPTIMIZATION_LEVEL = 0;
				GCC_PREPROCESSOR_DEFINITIONS = (
					"DEBUG=1",
					"$(inherited)",
				);
				GCC_WARN_64_TO_32_BIT_CONVERSION = YES;
				GCC_WARN_ABOUT_RETURN_TYPE = YES_ERROR;
				GCC_WARN_UNDECLARED_SELECTOR = YES;
				GCC_WARN_UNINITIALIZED_AUTOS = YES_AGGRESSIVE;
				GCC_WARN_UNUSED_FUNCTION = YES;
				GCC_WARN_UNUSED_VARIABLE = YES;
				IPHONEOS_DEPLOYMENT_TARGET = 18.4;
				LOCALIZATION_PREFERS_STRING_CATALOGS = YES;
				MTL_ENABLE_DEBUG_INFO = INCLUDE_SOURCE;
				MTL_FAST_MATH = YES;
				ONLY_ACTIVE_ARCH = YES;
				SDKROOT = iphoneos;
				SWIFT_ACTIVE_COMPILATION_CONDITIONS = "DEBUG $(inherited)";
				SWIFT_OPTIMIZATION_LEVEL = "-Onone";
			};
			name = Debug;
		};
		DEAD36172E0A716F004F572C /* Release */ = {
			isa = XCBuildConfiguration;
			buildSettings = {
				ALWAYS_SEARCH_USER_PATHS = NO;
				ASSETCATALOG_COMPILER_GENERATE_SWIFT_ASSET_SYMBOL_EXTENSIONS = YES;
				CLANG_ANALYZER_NONNULL = YES;
				CLANG_ANALYZER_NUMBER_OBJECT_CONVERSION = YES_AGGRESSIVE;
				CLANG_CXX_LANGUAGE_STANDARD = "gnu++20";
				CLANG_ENABLE_MODULES = YES;
				CLANG_ENABLE_OBJC_ARC = YES;
				CLANG_ENABLE_OBJC_WEAK = YES;
				CLANG_WARN_BLOCK_CAPTURE_AUTORELEASING = YES;
				CLANG_WARN_BOOL_CONVERSION = YES;
				CLANG_WARN_COMMA = YES;
				CLANG_WARN_CONSTANT_CONVERSION = YES;
				CLANG_WARN_DEPRECATED_OBJC_IMPLEMENTATIONS = YES;
				CLANG_WARN_DIRECT_OBJC_ISA_USAGE = YES_ERROR;
				CLANG_WARN_DOCUMENTATION_COMMENTS = YES;
				CLANG_WARN_EMPTY_BODY = YES;
				CLANG_WARN_ENUM_CONVERSION = YES;
				CLANG_WARN_INFINITE_RECURSION = YES;
				CLANG_WARN_INT_CONVERSION = YES;
				CLANG_WARN_NON_LITERAL_NULL_CONVERSION = YES;
				CLANG_WARN_OBJC_IMPLICIT_RETAIN_SELF = YES;
				CLANG_WARN_OBJC_LITERAL_CONVERSION = YES;
				CLANG_WARN_OBJC_ROOT_CLASS = YES_ERROR;
				CLANG_WARN_QUOTED_INCLUDE_IN_FRAMEWORK_HEADER = YES;
				CLANG_WARN_RANGE_LOOP_ANALYSIS = YES;
				CLANG_WARN_STRICT_PROTOTYPES = YES;
				CLANG_WARN_SUSPICIOUS_MOVE = YES;
				CLANG_WARN_UNGUARDED_AVAILABILITY = YES_AGGRESSIVE;
				CLANG_WARN_UNREACHABLE_CODE = YES;
				CLANG_WARN__DUPLICATE_METHOD_MATCH = YES;
				COPY_PHASE_STRIP = NO;
				DEBUG_INFORMATION_FORMAT = "dwarf-with-dsym";
				DEVELOPMENT_TEAM = HN946BBNM5;
				ENABLE_NS_ASSERTIONS = NO;
				ENABLE_STRICT_OBJC_MSGSEND = YES;
				ENABLE_USER_SCRIPT_SANDBOXING = YES;
				GCC_C_LANGUAGE_STANDARD = gnu17;
				GCC_NO_COMMON_BLOCKS = YES;
				GCC_WARN_64_TO_32_BIT_CONVERSION = YES;
				GCC_WARN_ABOUT_RETURN_TYPE = YES_ERROR;
				GCC_WARN_UNDECLARED_SELECTOR = YES;
				GCC_WARN_UNINITIALIZED_AUTOS = YES_AGGRESSIVE;
				GCC_WARN_UNUSED_FUNCTION = YES;
				GCC_WARN_UNUSED_VARIABLE = YES;
				IPHONEOS_DEPLOYMENT_TARGET = 18.4;
				LOCALIZATION_PREFERS_STRING_CATALOGS = YES;
				MTL_ENABLE_DEBUG_INFO = NO;
				MTL_FAST_MATH = YES;
				SDKROOT = iphoneos;
				SWIFT_COMPILATION_MODE = wholemodule;
				VALIDATE_PRODUCT = YES;
			};
			name = Release;
		};
		DEAD36192E0A716F004F572C /* Debug */ = {
			isa = XCBuildConfiguration;
			buildSettings = {
				BUNDLE_LOADER = "$(TEST_HOST)";
				CODE_SIGN_STYLE = Automatic;
				CURRENT_PROJECT_VERSION = 1;
				DEVELOPMENT_TEAM = HN946BBNM5;
				GENERATE_INFOPLIST_FILE = YES;
				IPHONEOS_DEPLOYMENT_TARGET = 18.4;
				MARKETING_VERSION = 1.0;
				PRODUCT_BUNDLE_IDENTIFIER = kevinkairouz.taxTipTests;
				PRODUCT_NAME = "$(TARGET_NAME)";
				SWIFT_EMIT_LOC_STRINGS = NO;
				SWIFT_VERSION = 5.0;
				TARGETED_DEVICE_FAMILY = "1,2";
				TEST_HOST = "$(BUILT_PRODUCTS_DIR)/taxTip.app/$(BUNDLE_EXECUTABLE_FOLDER_PATH)/taxTip";
			};
			name = Debug;
		};
		DEAD361A2E0A716F004F572C /* Release */ = {
			isa = XCBuildConfiguration;
			buildSettings = {
				BUNDLE_LOADER = "$(TEST_HOST)";
				CODE_SIGN_STYLE = Automatic;
				CURRENT_PROJECT_VERSION = 1;
				DEVELOPMENT_TEAM = HN946BBNM5;
				GENERATE_INFOPLIST_FILE = YES;
				IPHONEOS_DEPLOYMENT_TARGET = 18.4;
				MARKETING_VERSION = 1.0;
				PRODUCT_BUNDLE_IDENTIFIER = kevinkairouz.taxTipTests;
				PRODUCT_NAME = "$(TARGET_NAME)";
				SWIFT_EMIT_LOC_STRINGS = NO;
				SWIFT_VERSION = 5.0;
				TARGETED_DEVICE_FAMILY = "1,2";
				TEST_HOST = "$(BUILT_PRODUCTS_DIR)/taxTip.app/$(BUNDLE_EXECUTABLE_FOLDER_PATH)/taxTip";
			};
			name = Release;
		};
		DEAD361C2E0A716F004F572C /* Debug */ = {
			isa = XCBuildConfiguration;
			buildSettings = {
				CODE_SIGN_STYLE = Automatic;
				CURRENT_PROJECT_VERSION = 1;
				DEVELOPMENT_TEAM = HN946BBNM5;
				GENERATE_INFOPLIST_FILE = YES;
				MARKETING_VERSION = 1.0;
				PRODUCT_BUNDLE_IDENTIFIER = kevinkairouz.taxTipUITests;
				PRODUCT_NAME = "$(TARGET_NAME)";
				SWIFT_EMIT_LOC_STRINGS = NO;
				SWIFT_VERSION = 5.0;
				TARGETED_DEVICE_FAMILY = "1,2";
				TEST_TARGET_NAME = taxTip;
			};
			name = Debug;
		};
		DEAD361D2E0A716F004F572C /* Release */ = {
			isa = XCBuildConfiguration;
			buildSettings = {
				CODE_SIGN_STYLE = Automatic;
				CURRENT_PROJECT_VERSION = 1;
				DEVELOPMENT_TEAM = HN946BBNM5;
				GENERATE_INFOPLIST_FILE = YES;
				MARKETING_VERSION = 1.0;
				PRODUCT_BUNDLE_IDENTIFIER = kevinkairouz.taxTipUITests;
				PRODUCT_NAME = "$(TARGET_NAME)";
				SWIFT_EMIT_LOC_STRINGS = NO;
				SWIFT_VERSION = 5.0;
				TARGETED_DEVICE_FAMILY = "1,2";
				TEST_TARGET_NAME = taxTip;
			};
			name = Release;
		};
/* End XCBuildConfiguration section */

/* Begin XCConfigurationList section */
		DEAD35E52E0A716C004F572C /* Build configuration list for PBXProject "taxTip" */ = {
			isa = XCConfigurationList;
			buildConfigurations = (
				DEAD36162E0A716F004F572C /* Debug */,
				DEAD36172E0A716F004F572C /* Release */,
			);
			defaultConfigurationIsVisible = 0;
			defaultConfigurationName = Release;
		};
		DEAD36132E0A716F004F572C /* Build configuration list for PBXNativeTarget "taxTip" */ = {
			isa = XCConfigurationList;
			buildConfigurations = (
				DEAD36142E0A716F004F572C /* Debug */,
				DEAD36152E0A716F004F572C /* Release */,
			);
			defaultConfigurationIsVisible = 0;
			defaultConfigurationName = Release;
		};
		DEAD36182E0A716F004F572C /* Build configuration list for PBXNativeTarget "taxTipTests" */ = {
			isa = XCConfigurationList;
			buildConfigurations = (
				DEAD36192E0A716F004F572C /* Debug */,
				DEAD361A2E0A716F004F572C /* Release */,
			);
			defaultConfigurationIsVisible = 0;
			defaultConfigurationName = Release;
		};
		DEAD361B2E0A716F004F572C /* Build configuration list for PBXNativeTarget "taxTipUITests" */ = {
			isa = XCConfigurationList;
			buildConfigurations = (
				DEAD361C2E0A716F004F572C /* Debug */,
				DEAD361D2E0A716F004F572C /* Release */,
			);
			defaultConfigurationIsVisible = 0;
			defaultConfigurationName = Release;
		};
/* End XCConfigurationList section */
	};
	rootObject = DEAD35E22E0A716C004F572C /* Project object */;
}
